
Microsoft Visual Studio Solution File, Format Version 12.00
# Visual Studio Version 16
VisualStudioVersion = 16.0.30320.27
MinimumVisualStudioVersion = 10.0.40219.1
Project("{FAE04EC0-301F-11D3-BF4B-00C04F79EFBC}") = "function-apim-demo", "function-apim-demo\function-apim-demo.csproj", "{BA01DCA8-5C07-4E30-900D-E965E42E8FB9}"
EndProject
Global
	GlobalSection(SolutionConfigurationPlatforms) = preSolution
		Debug|Any CPU = Debug|Any CPU
		Release|Any CPU = Release|Any CPU
	EndGlobalSection
	GlobalSection(ProjectConfigurationPlatforms) = postSolution
		{BA01DCA8-5C07-4E30-900D-E965E42E8FB9}.Debug|Any CPU.ActiveCfg = Debug|Any CPU
		{BA01DCA8-5C07-4E30-900D-E965E42E8FB9}.Debug|Any CPU.Build.0 = Debug|Any CPU
		{BA01DCA8-5C07-4E30-900D-E965E42E8FB9}.Release|Any CPU.ActiveCfg = Release|Any CPU
		{BA01DCA8-5C07-4E30-900D-E965E42E8FB9}.Release|Any CPU.Build.0 = Release|Any CPU
	EndGlobalSection
	GlobalSection(SolutionProperties) = preSolution
		HideSolutionNode = FALSE
	EndGlobalSection
	GlobalSection(ExtensibilityGlobals) = postSolution
		SolutionGuid = {0CFE4E62-3C7D-44FD-88A1-7879377864EA}
	EndGlobalSection
EndGlobal
